{
  "nodes": {
    "disko": {
      "inputs": {
        "nixpkgs": [
          "nixpkgs"
        ]
      },
      "locked": {
        "lastModified": 1781152676,
        "narHash": "sha256-RxWs5ND31KzTG7wvMM+PMfUjyNpmIEr999lqNARaM5o=",
        "owner": "nix-community",
        "repo": "disko",
        "rev": "ff8702b4de27f72b4c78573dfb89ec74e36abdf1",
        "type": "github"
      },
      "original": {
        "owner": "nix-community",
        "repo": "disko",
        "type": "github"
      }
    },
    "firefox-addons": {
      "inputs": {
        "nixpkgs": [
          "nixpkgs"
        ]
      },
      "locked": {
        "dir": "pkgs/firefox-addons",
        "lastModified": 1782273780,
        "narHash": "sha256-YV++7tX9MN8Y1APD3BsXqLioBeKZjgFPxrT0YoD416A=",
        "owner": "rycee",
        "repo": "nur-expressions",
        "rev": "6c2dd39e5bf2666b298ee3bdbf0dfd858911e8e3",
        "type": "gitlab"
      },
      "original": {
        "dir": "pkgs/firefox-addons",
        "owner": "rycee",
        "repo": "nur-expressions",
        "type": "gitlab"
      }
    },
    "home-manager": {
      "inputs": {
        "nixpkgs": [
          "nixpkgs"
        ]
      },
      "locked": {
        "lastModified": 1781981105,
        "narHash": "sha256-/1nNBbA7PrSQpTc9Qazkhl4kIPg+TNl0CjxS3UQJKlw=",
        "owner": "nix-community",
        "repo": "home-manager",
        "rev": "7bfff44b465909f69a442701293bc0badcf476dc",
        "type": "github"
      },
      "original": {
        "owner": "nix-community",
        "ref": "release-26.05",
        "repo": "home-manager",
        "type": "github"
      }
    },
    "nix-vscode-extensions": {
      "inputs": {
        "nixpkgs": [
          "nixpkgs"
        ]
      },
      "locked": {
        "lastModified": 1782273807,
        "narHash": "sha256-dmGiRAOjJeSUD7lbv4mFQLgnz+zGRlAzsQPutwOhmoU=",
        "owner": "nix-community",
        "repo": "nix-vscode-extensions",
        "rev": "eae9f4530da971a9a8c6793ae9c35c731e52c2a5",
        "type": "github"
      },
      "original": {
        "owner": "nix-community",
        "repo": "nix-vscode-extensions",
        "type": "github"
      }
    },
    "nixpkgs": {
      "locked": {
        "lastModified": 1782116945,
        "narHash": "sha256-G3tw/IXmaH6IQ2upZvhuN9sG8CkuX+BLuJDpE8hz0Ds=",
        "owner": "nixos",
        "repo": "nixpkgs",
        "rev": "34268251cf5547d39063f2c5ea9a196246f7f3a6",
        "type": "github"
      },
      "original": {
        "owner": "nixos",
        "ref": "nixos-26.05",
        "repo": "nixpkgs",
        "type": "github"
      }
    },
    "root": {
      "inputs": {
        "disko": "disko",
        "firefox-addons": "firefox-addons",
        "home-manager": "home-manager",
        "nix-vscode-extensions": "nix-vscode-extensions",
        "nixpkgs": "nixpkgs",
        "sops-nix": "sops-nix"
      }
    },
    "sops-nix": {
      "inputs": {
        "nixpkgs": [
          "nixpkgs"
        ]
      },
      "locked": {
        "lastModified": 1782165805,
        "narHash": "sha256-478kKQBvK6SYTOdN2h9jhKJv94nbXRbFMfuL1WshErg=",
        "owner": "Mic92",
        "repo": "sops-nix",
        "rev": "56b24064fdcaedca53553b1a6d607fd23b613a24",
        "type": "github"
      },
      "original": {
        "owner": "Mic92",
        "repo": "sops-nix",
        "type": "github"
      }
    }
  },
  "root": "root",
  "version": 7
}
